// !$*UTF8*$!
{
	archiveVersion = 1;
	classes = {
	};
	objectVersion = 46;
	objects = {

/* Begin PBXBuildFile section */
		512D35A51824F62C009D67BA /* Foundation.framework in Frameworks */ = {isa = PBXBuildFile; fileRef = 512D35A41824F62C009D67BA /* Foundation.framework */; };
		512D35A71824F62C009D67BA /* CoreGraphics.framework in Frameworks */ = {isa = PBXBuildFile; fileRef = 512D35A61824F62C009D67BA /* CoreGraphics.framework */; };
		512D35A91824F62C009D67BA /* UIKit.framework in Frameworks */ = {isa = PBXBuildFile; fileRef = 512D35A81824F62C009D67BA /* UIKit.framework */; };
		512D35AF1824F62C009D67BA /* InfoPlist.strings in Resources */ = {isa = PBXBuildFile; fileRef = 512D35AD1824F62C009D67BA /* InfoPlist.strings */; };
		512D35B11824F62C009D67BA /* main.m in Sources */ = {isa = PBXBuildFile; fileRef = 512D35B01824F62C009D67BA /* main.m */; };
		512D35B51824F62C009D67BA /* ScrollViewTestAppDelegate.m in Sources */ = {isa = PBXBuildFile; fileRef = 512D35B41824F62C009D67BA /* ScrollViewTestAppDelegate.m */; };
		512D35B71824F62C009D67BA /* Images.xcassets in Resources */ = {isa = PBXBuildFile; fileRef = 512D35B61824F62C009D67BA /* Images.xcassets */; };
		512D35BE1824F62C009D67BA /* XCTest.framework in Frameworks */ = {isa = PBXBuildFile; fileRef = 512D35BD1824F62C009D67BA /* XCTest.framework */; };
		512D35BF1824F62C009D67BA /* Foundation.framework in Frameworks */ = {isa = PBXBuildFile; fileRef = 512D35A41824F62C009D67BA /* Foundation.framework */; };
		512D35C01824F62C009D67BA /* UIKit.framework in Frameworks */ = {isa = PBXBuildFile; fileRef = 512D35A81824F62C009D67BA /* UIKit.framework */; };
		512D35C81824F62C009D67BA /* InfoPlist.strings in Resources */ = {isa = PBXBuildFile; fileRef = 512D35C61824F62C009D67BA /* InfoPlist.strings */; };
		512D35CA1824F62C009D67BA /* ScrollViewTestTests.m in Sources */ = {isa = PBXBuildFile; fileRef = 512D35C91824F62C009D67BA /* ScrollViewTestTests.m */; };
		512D35D51824F65D009D67BA /* ViewController.m in Sources */ = {isa = PBXBuildFile; fileRef = 512D35D41824F65D009D67BA /* ViewController.m */; };
		512D35DF1824F824009D67BA /* guide01.png in Resources */ = {isa = PBXBuildFile; fileRef = 512D35D71824F824009D67BA /* guide01.png */; };
		512D35E01824F824009D67BA /* guide01@2x.png in Resources */ = {isa = PBXBuildFile; fileRef = 512D35D81824F824009D67BA /* guide01@2x.png */; };
		512D35E11824F824009D67BA /* guide02.png in Resources */ = {isa = PBXBuildFile; fileRef = 512D35D91824F824009D67BA /* guide02.png */; };
		512D35E21824F824009D67BA /* guide02@2x.png in Resources */ = {isa = PBXBuildFile; fileRef = 512D35DA1824F824009D67BA /* guide02@2x.png */; };
		512D35E31824F824009D67BA /* guide03.png in Resources */ = {isa = PBXBuildFile; fileRef = 512D35DB1824F824009D67BA /* guide03.png */; };
		512D35E41824F824009D67BA /* guide03@2x.png in Resources */ = {isa = PBXBuildFile; fileRef = 512D35DC1824F824009D67BA /* guide03@2x.png */; };
		512D35E51824F824009D67BA /* guide04.png in Resources */ = {isa = PBXBuildFile; fileRef = 512D35DD1824F824009D67BA /* guide04.png */; };
		512D35E61824F824009D67BA /* guide04@2x.png in Resources */ = {isa = PBXBuildFile; fileRef = 512D35DE1824F824009D67BA /* guide04@2x.png */; };
		512D35E9182514E9009D67BA /* MainViewController.m in Sources */ = {isa = PBXBuildFile; fileRef = 512D35E8182514E9009D67BA /* MainViewController.m */; };
/* End PBXBuildFile section */

/* Begin PBXContainerItemProxy section */
		512D35C11824F62C009D67BA /* PBXContainerItemProxy */ = {
			isa = PBXContainerItemProxy;
			containerPortal = 512D35991824F62C009D67BA /* Project object */;
			proxyType = 1;
			remoteGlobalIDString = 512D35A01824F62C009D67BA;
			remoteInfo = ScrollViewTest;
		};
/* End PBXContainerItemProxy section */

/* Begin PBXFileReference section */
		512D35A11824F62C009D67BA /* ScrollViewTest.app */ = {isa = PBXFileReference; explicitFileType = wrapper.application; includeInIndex = 0; path = ScrollViewTest.app; sourceTree = BUILT_PRODUCTS_DIR; };
		512D35A41824F62C009D67BA /* Foundation.framework */ = {isa = PBXFileReference; lastKnownFileType = wrapper.framework; name = Foundation.framework; path = System/Library/Frameworks/Foundation.framework; sourceTree = SDKROOT; };
		512D35A61824F62C009D67BA /* CoreGraphics.framework */ = {isa = PBXFileReference; lastKnownFileType = wrapper.framework; name = CoreGraphics.framework; path = System/Library/Frameworks/CoreGraphics.framework; sourceTree = SDKROOT; };
		512D35A81824F62C009D67BA /* UIKit.framework */ = {isa = PBXFileReference; lastKnownFileType = wrapper.framework; name = UIKit.framework; path = System/Library/Frameworks/UIKit.framework; sourceTree = SDKROOT; };
		512D35AC1824F62C009D67BA /* ScrollViewTest-Info.plist */ = {isa = PBXFileReference; lastKnownFileType = text.plist.xml; path = "ScrollViewTest-Info.plist"; sourceTree = "<group>"; };
		512D35AE1824F62C009D67BA /* en */ = {isa = PBXFileReference; lastKnownFileType = text.plist.strings; name = en; path = en.lproj/InfoPlist.strings; sourceTree = "<group>"; };
		512D35B01824F62C009D67BA /* main.m */ = {isa = PBXFileReference; lastKnownFileType = sourcecode.c.objc; path = main.m; sourceTree = "<group>"; };
		512D35B21824F62C009D67BA /* ScrollViewTest-Prefix.pch */ = {isa = PBXFileReference; lastKnownFileType = sourcecode.c.h; path = "ScrollViewTest-Prefix.pch"; sourceTree = "<group>"; };
		512D35B31824F62C009D67BA /* ScrollViewTestAppDelegate.h */ = {isa = PBXFileReference; lastKnownFileType = sourcecode.c.h; path = ScrollViewTestAppDelegate.h; sourceTree = "<group>"; };
		512D35B41824F62C009D67BA /* ScrollViewTestAppDelegate.m */ = {isa = PBXFileReference; lastKnownFileType = sourcecode.c.objc; path = ScrollViewTestAppDelegate.m; sourceTree = "<group>"; };
		512D35B61824F62C009D67BA /* Images.xcassets */ = {isa = PBXFileReference; lastKnownFileType = folder.assetcatalog; path = Images.xcassets; sourceTree = "<group>"; };
		512D35BC1824F62C009D67BA /* ScrollViewTestTests.xctest */ = {isa = PBXFileReference; explicitFileType = wrapper.cfbundle; includeInIndex = 0; path = ScrollViewTestTests.xctest; sourceTree = BUILT_PRODUCTS_DIR; };
		512D35BD1824F62C009D67BA /* XCTest.framework */ = {isa = PBXFileReference; lastKnownFileType = wrapper.framework; name = XCTest.framework; path = Library/Frameworks/XCTest.framework; sourceTree = DEVELOPER_DIR; };
		512D35C51824F62C009D67BA /* ScrollViewTestTests-Info.plist */ = {isa = PBXFileReference; lastKnownFileType = text.plist.xml; path = "ScrollViewTestTests-Info.plist"; sourceTree = "<group>"; };
		512D35C71824F62C009D67BA /* en */ = {isa = PBXFileReference; lastKnownFileType = text.plist.strings; name = en; path = en.lproj/InfoPlist.strings; sourceTree = "<group>"; };
		512D35C91824F62C009D67BA /* ScrollViewTestTests.m */ = {isa = PBXFileReference; lastKnownFileType = sourcecode.c.objc; path = ScrollViewTestTests.m; sourceTree = "<group>"; };
		512D35D31824F65D009D67BA /* ViewController.h */ = {isa = PBXFileReference; fileEncoding = 4; lastKnownFileType = sourcecode.c.h; path = ViewController.h; sourceTree = "<group>"; };
		512D35D41824F65D009D67BA /* ViewController.m */ = {isa = PBXFileReference; fileEncoding = 4; lastKnownFileType = sourcecode.c.objc; path = ViewController.m; sourceTree = "<group>"; };
		512D35D71824F824009D67BA /* guide01.png */ = {isa = PBXFileReference; lastKnownFileType = image.png; name = guide01.png; path = image/guide01.png; sourceTree = "<group>"; };
		512D35D81824F824009D67BA /* guide01@2x.png */ = {isa = PBXFileReference; lastKnownFileType = image.png; name = "guide01@2x.png"; path = "image/guide01@2x.png"; sourceTree = "<group>"; };
		512D35D91824F824009D67BA /* guide02.png */ = {isa = PBXFileReference; lastKnownFileType = image.png; name = guide02.png; path = image/guide02.png; sourceTree = "<group>"; };
		512D35DA1824F824009D67BA /* guide02@2x.png */ = {isa = PBXFileReference; lastKnownFileType = image.png; name = "guide02@2x.png"; path = "image/guide02@2x.png"; sourceTree = "<group>"; };
		512D35DB1824F824009D67BA /* guide03.png */ = {isa = PBXFileReference; lastKnownFileType = image.png; name = guide03.png; path = image/guide03.png; sourceTree = "<group>"; };
		512D35DC1824F824009D67BA /* guide03@2x.png */ = {isa = PBXFileReference; lastKnownFileType = image.png; name = "guide03@2x.png"; path = "image/guide03@2x.png"; sourceTree = "<group>"; };
		512D35DD1824F824009D67BA /* guide04.png */ = {isa = PBXFileReference; lastKnownFileType = image.png; name = guide04.png; path = image/guide04.png; sourceTree = "<group>"; };
		512D35DE1824F824009D67BA /* guide04@2x.png */ = {isa = PBXFileReference; lastKnownFileType = image.png; name = "guide04@2x.png"; path = "image/guide04@2x.png"; sourceTree = "<group>"; };
		512D35E7182514E9009D67BA /* MainViewController.h */ = {isa = PBXFileReference; fileEncoding = 4; lastKnownFileType = sourcecode.c.h; path = MainViewController.h; sourceTree = "<group>"; };
		512D35E8182514E9009D67BA /* MainViewController.m */ = {isa = PBXFileReference; fileEncoding = 4; lastKnownFileType = sourcecode.c.objc; path = MainViewController.m; sourceTree = "<group>"; };
/* End PBXFileReference section */

/* Begin PBXFrameworksBuildPhase section */
		512D359E1824F62C009D67BA /* Frameworks */ = {
			isa = PBXFrameworksBuildPhase;
			buildActionMask = 2147483647;
			files = (
				512D35A71824F62C009D67BA /* CoreGraphics.framework in Frameworks */,
				512D35A91824F62C009D67BA /* UIKit.framework in Frameworks */,
				512D35A51824F62C009D67BA /* Foundation.framework in Frameworks */,
			);
			runOnlyForDeploymentPostprocessing = 0;
		};
		512D35B91824F62C009D67BA /* Frameworks */ = {
			isa = PBXFrameworksBuildPhase;
			buildActionMask = 2147483647;
			files = (
				512D35BE1824F62C009D67BA /* XCTest.framework in Frameworks */,
				512D35C01824F62C009D67BA /* UIKit.framework in Frameworks */,
				512D35BF1824F62C009D67BA /* Foundation.framework in Frameworks */,
			);
			runOnlyForDeploymentPostprocessing = 0;
		};
/* End PBXFrameworksBuildPhase section */

/* Begin PBXGroup section */
		512D35981824F62C009D67BA = {
			isa = PBXGroup;
			children = (
				512D35AA1824F62C009D67BA /* ScrollViewTest */,
				512D35C31824F62C009D67BA /* ScrollViewTestTests */,
				512D35A31824F62C009D67BA /* Frameworks */,
				512D35A21824F62C009D67BA /* Products */,
			);
			sourceTree = "<group>";
		};
		512D35A21824F62C009D67BA /* Products */ = {
			isa = PBXGroup;
			children = (
				512D35A11824F62C009D67BA /* ScrollViewTest.app */,
				512D35BC1824F62C009D67BA /* ScrollViewTestTests.xctest */,
			);
			name = Products;
			sourceTree = "<group>";
		};
		512D35A31824F62C009D67BA /* Frameworks */ = {
			isa = PBXGroup;
			children = (
				512D35A41824F62C009D67BA /* Foundation.framework */,
				512D35A61824F62C009D67BA /* CoreGraphics.framework */,
				512D35A81824F62C009D67BA /* UIKit.framework */,
				512D35BD1824F62C009D67BA /* XCTest.framework */,
			);
			name = Frameworks;
			sourceTree = "<group>";
		};
		512D35AA1824F62C009D67BA /* ScrollViewTest */ = {
			isa = PBXGroup;
			children = (
				512D35D61824F7E5009D67BA /* image */,
				512D35B31824F62C009D67BA /* ScrollViewTestAppDelegate.h */,
				512D35B41824F62C009D67BA /* ScrollViewTestAppDelegate.m */,
				512D35D31824F65D009D67BA /* ViewController.h */,
				512D35D41824F65D009D67BA /* ViewController.m */,
				512D35B61824F62C009D67BA /* Images.xcassets */,
				512D35AB1824F62C009D67BA /* Supporting Files */,
				512D35E7182514E9009D67BA /* MainViewController.h */,
				512D35E8182514E9009D67BA /* MainViewController.m */,
			);
			path = ScrollViewTest;
			sourceTree = "<group>";
		};
		512D35AB1824F62C009D67BA /* Supporting Files */ = {
			isa = PBXGroup;
			children = (
				512D35AC1824F62C009D67BA /* ScrollViewTest-Info.plist */,
				512D35AD1824F62C009D67BA /* InfoPlist.strings */,
				512D35B01824F62C009D67BA /* main.m */,
				512D35B21824F62C009D67BA /* ScrollViewTest-Prefix.pch */,
			);
			name = "Supporting Files";
			sourceTree = "<group>";
		};
		512D35C31824F62C009D67BA /* ScrollViewTestTests */ = {
			isa = PBXGroup;
			children = (
				512D35C91824F62C009D67BA /* ScrollViewTestTests.m */,
				512D35C41824F62C009D67BA /* Supporting Files */,
			);
			path = ScrollViewTestTests;
			sourceTree = "<group>";
		};
		512D35C41824F62C009D67BA /* Supporting Files */ = {
			isa = PBXGroup;
			children = (
				512D35C51824F62C009D67BA /* ScrollViewTestTests-Info.plist */,
				512D35C61824F62C009D67BA /* InfoPlist.strings */,
			);
			name = "Supporting Files";
			sourceTree = "<group>";
		};
		512D35D61824F7E5009D67BA /* image */ = {
			isa = PBXGroup;
			children = (
				512D35D71824F824009D67BA /* guide01.png */,
				512D35D81824F824009D67BA /* guide01@2x.png */,
				512D35D91824F824009D67BA /* guide02.png */,
				512D35DA1824F824009D67BA /* guide02@2x.png */,
				512D35DB1824F824009D67BA /* guide03.png */,
				512D35DC1824F824009D67BA /* guide03@2x.png */,
				512D35DD1824F824009D67BA /* guide04.png */,
				512D35DE1824F824009D67BA /* guide04@2x.png */,
			);
			name = image;
			sourceTree = "<group>";
		};
/* End PBXGroup section */

/* Begin PBXNativeTarget section */
		512D35A01824F62C009D67BA /* ScrollViewTest */ = {
			isa = PBXNativeTarget;
			buildConfigurationList = 512D35CD1824F62C009D67BA /* Build configuration list for PBXNativeTarget "ScrollViewTest" */;
			buildPhases = (
				512D359D1824F62C009D67BA /* Sources */,
				512D359E1824F62C009D67BA /* Frameworks */,
				512D359F1824F62C009D67BA /* Resources */,
			);
			buildRules = (
			);
			dependencies = (
			);
			name = ScrollViewTest;
			productName = ScrollViewTest;
			productReference = 512D35A11824F62C009D67BA /* ScrollViewTest.app */;
			productType = "com.apple.product-type.application";
		};
		512D35BB1824F62C009D67BA /* ScrollViewTestTests */ = {
			isa = PBXNativeTarget;
			buildConfigurationList = 512D35D01824F62C009D67BA /* Build configuration list for PBXNativeTarget "ScrollViewTestTests" */;
			buildPhases = (
				512D35B81824F62C009D67BA /* Sources */,
				512D35B91824F62C009D67BA /* Frameworks */,
				512D35BA1824F62C009D67BA /* Resources */,
			);
			buildRules = (
			);
			dependencies = (
				512D35C21824F62C009D67BA /* PBXTargetDependency */,
			);
			name = ScrollViewTestTests;
			productName = ScrollViewTestTests;
			productReference = 512D35BC1824F62C009D67BA /* ScrollViewTestTests.xctest */;
			productType = "com.apple.product-type.bundle.unit-test";
		};
/* End PBXNativeTarget section */

/* Begin PBXProject section */
		512D35991824F62C009D67BA /* Project object */ = {
			isa = PBXProject;
			attributes = {
				CLASSPREFIX = ScrollViewTest;
				LastUpgradeCheck = 0500;
				ORGANIZATIONNAME = qiang.mou;
				TargetAttributes = {
					512D35BB1824F62C009D67BA = {
						TestTargetID = 512D35A01824F62C009D67BA;
					};
				};
			};
			buildConfigurationList = 512D359C1824F62C009D67BA /* Build configuration list for PBXProject "ScrollViewTest" */;
			compatibilityVersion = "Xcode 3.2";
			developmentRegion = English;
			hasScannedForEncodings = 0;
			knownRegions = (
				en,
			);
			mainGroup = 512D35981824F62C009D67BA;
			productRefGroup = 512D35A21824F62C009D67BA /* Products */;
			projectDirPath = "";
			projectRoot = "";
			targets = (
				512D35A01824F62C009D67BA /* ScrollViewTest */,
				512D35BB1824F62C009D67BA /* ScrollViewTestTests */,
			);
		};
/* End PBXProject section */

/* Begin PBXResourcesBuildPhase section */
		512D359F1824F62C009D67BA /* Resources */ = {
			isa = PBXResourcesBuildPhase;
			buildActionMask = 2147483647;
			files = (
				512D35E11824F824009D67BA /* guide02.png in Resources */,
				512D35E61824F824009D67BA /* guide04@2x.png in Resources */,
				512D35E21824F824009D67BA /* guide02@2x.png in Resources */,
				512D35E31824F824009D67BA /* guide03.png in Resources */,
				512D35DF1824F824009D67BA /* guide01.png in Resources */,
				512D35E41824F824009D67BA /* guide03@2x.png in Resources */,
				512D35AF1824F62C009D67BA /* InfoPlist.strings in Resources */,
				512D35E51824F824009D67BA /* guide04.png in Resources */,
				512D35E01824F824009D67BA /* guide01@2x.png in Resources */,
				512D35B71824F62C009D67BA /* Images.xcassets in Resources */,
			);
			runOnlyForDeploymentPostprocessing = 0;
		};
		512D35BA1824F62C009D67BA /* Resources */ = {
			isa = PBXResourcesBuildPhase;
			buildActionMask = 2147483647;
			files = (
				512D35C81824F62C009D67BA /* InfoPlist.strings in Resources */,
			);
			runOnlyForDeploymentPostprocessing = 0;
		};
/* End PBXResourcesBuildPhase section */

/* Begin PBXSourcesBuildPhase section */
		512D359D1824F62C009D67BA /* Sources */ = {
			isa = PBXSourcesBuildPhase;
			buildActionMask = 2147483647;
			files = (
				512D35D51824F65D009D67BA /* ViewController.m in Sources */,
				512D35B51824F62C009D67BA /* ScrollViewTestAppDelegate.m in Sources */,
				512D35B11824F62C009D67BA /* main.m in Sources */,
				512D35E9182514E9009D67BA /* MainViewController.m in Sources */,
			);
			runOnlyForDeploymentPostprocessing = 0;
		};
		512D35B81824F62C009D67BA /* Sources */ = {
			isa = PBXSourcesBuildPhase;
			buildActionMask = 2147483647;
			files = (
				512D35CA1824F62C009D67BA /* ScrollViewTestTests.m in Sources */,
			);
			runOnlyForDeploymentPostprocessing = 0;
		};
/* End PBXSourcesBuildPhase section */

/* Begin PBXTargetDependency section */
		512D35C21824F62C009D67BA /* PBXTargetDependency */ = {
			isa = PBXTargetDependency;
			target = 512D35A01824F62C009D67BA /* ScrollViewTest */;
			targetProxy = 512D35C11824F62C009D67BA /* PBXContainerItemProxy */;
		};
/* End PBXTargetDependency section */

/* Begin PBXVariantGroup section */
		512D35AD1824F62C009D67BA /* InfoPlist.strings */ = {
			isa = PBXVariantGroup;
			children = (
				512D35AE1824F62C009D67BA /* en */,
			);
			name = InfoPlist.strings;
			sourceTree = "<group>";
		};
		512D35C61824F62C009D67BA /* InfoPlist.strings */ = {
			isa = PBXVariantGroup;
			children = (
				512D35C71824F62C009D67BA /* en */,
			);
			name = InfoPlist.strings;
			sourceTree = "<group>";
		};
/* End PBXVariantGroup section */

/* Begin XCBuildConfiguration section */
		512D35CB1824F62C009D67BA /* Debug */ = {
			isa = XCBuildConfiguration;
			buildSettings = {
				ALWAYS_SEARCH_USER_PATHS = NO;
				ARCHS = "$(ARCHS_STANDARD_INCLUDING_64_BIT)";
				CLANG_CXX_LANGUAGE_STANDARD = "gnu++0x";
				CLANG_CXX_LIBRARY = "libc++";
				CLANG_ENABLE_MODULES = YES;
				CLANG_ENABLE_OBJC_ARC = YES;
				CLANG_WARN_BOOL_CONVERSION = YES;
				CLANG_WARN_CONSTANT_CONVERSION = YES;
				CLANG_WARN_DIRECT_OBJC_ISA_USAGE = YES_ERROR;
				CLANG_WARN_EMPTY_BODY = YES;
				CLANG_WARN_ENUM_CONVERSION = YES;
				CLANG_WARN_INT_CONVERSION = YES;
				CLANG_WARN_OBJC_ROOT_CLASS = YES_ERROR;
				CLANG_WARN__DUPLICATE_METHOD_MATCH = YES;
				"CODE_SIGN_IDENTITY[sdk=iphoneos*]" = "iPhone Developer";
				COPY_PHASE_STRIP = NO;
				GCC_C_LANGUAGE_STANDARD = gnu99;
				GCC_DYNAMIC_NO_PIC = NO;
				GCC_OPTIMIZATION_LEVEL = 0;
				GCC_PREPROCESSOR_DEFINITIONS = (
					"DEBUG=1",
					"$(inherited)",
				);
				GCC_SYMBOLS_PRIVATE_EXTERN = NO;
				GCC_WARN_64_TO_32_BIT_CONVERSION = YES;
				GCC_WARN_ABOUT_RETURN_TYPE = YES_ERROR;
				GCC_WARN_UNDECLARED_SELECTOR = YES;
				GCC_WARN_UNINITIALIZED_AUTOS = YES;
				GCC_WARN_UNUSED_FUNCTION = YES;
				GCC_WARN_UNUSED_VARIABLE = YES;
				IPHONEOS_DEPLOYMENT_TARGET = 7.0;
				ONLY_ACTIVE_ARCH = YES;
				SDKROOT = iphoneos;
			};
			name = Debug;
		};
		512D35CC1824F62C009D67BA /* Release */ = {
			isa = XCBuildConfiguration;
			buildSettings = {
				ALWAYS_SEARCH_USER_PATHS = NO;
				ARCHS = "$(ARCHS_STANDARD_INCLUDING_64_BIT)";
				CLANG_CXX_LANGUAGE_STANDARD = "gnu++0x";
				CLANG_CXX_LIBRARY = "libc++";
				CLANG_ENABLE_MODULES = YES;
				CLANG_ENABLE_OBJC_ARC = YES;
				CLANG_WARN_BOOL_CONVERSION = YES;
				CLANG_WARN_CONSTANT_CONVERSION = YES;
				CLANG_WARN_DIRECT_OBJC_ISA_USAGE = YES_ERROR;
				CLANG_WARN_EMPTY_BODY = YES;
				CLANG_WARN_ENUM_CONVERSION = YES;
				CLANG_WARN_INT_CONVERSION = YES;
				CLANG_WARN_OBJC_ROOT_CLASS = YES_ERROR;
				CLANG_WARN__DUPLICATE_METHOD_MATCH = YES;
				"CODE_SIGN_IDENTITY[sdk=iphoneos*]" = "iPhone Developer";
				COPY_PHASE_STRIP = YES;
				ENABLE_NS_ASSERTIONS = NO;
				GCC_C_LANGUAGE_STANDARD = gnu99;
				GCC_WARN_64_TO_32_BIT_CONVERSION = YES;
				GCC_WARN_ABOUT_RETURN_TYPE = YES_ERROR;
				GCC_WARN_UNDECLARED_SELECTOR = YES;
				GCC_WARN_UNINITIALIZED_AUTOS = YES;
				GCC_WARN_UNUSED_FUNCTION = YES;
				GCC_WARN_UNUSED_VARIABLE = YES;
				IPHONEOS_DEPLOYMENT_TARGET = 7.0;
				SDKROOT = iphoneos;
				VALIDATE_PRODUCT = YES;
			};
			name = Release;
		};
		512D35CE1824F62C009D67BA /* Debug */ = {
			isa = XCBuildConfiguration;
			buildSettings = {
				ASSETCATALOG_COMPILER_APPICON_NAME = AppIcon;
				ASSETCATALOG_COMPILER_LAUNCHIMAGE_NAME = LaunchImage;
				GCC_PRECOMPILE_PREFIX_HEADER = YES;
				GCC_PREFIX_HEADER = "ScrollViewTest/ScrollViewTest-Prefix.pch";
				INFOPLIST_FILE = "ScrollViewTest/ScrollViewTest-Info.plist";
				PRODUCT_NAME = "$(TARGET_NAME)";
				WRAPPER_EXTENSION = app;
			};
			name = Debug;
		};
		512D35CF1824F62C009D67BA /* Release */ = {
			isa = XCBuildConfiguration;
			buildSettings = {
				ASSETCATALOG_COMPILER_APPICON_NAME = AppIcon;
				ASSETCATALOG_COMPILER_LAUNCHIMAGE_NAME = LaunchImage;
				GCC_PRECOMPILE_PREFIX_HEADER = YES;
				GCC_PREFIX_HEADER = "ScrollViewTest/ScrollViewTest-Prefix.pch";
				INFOPLIST_FILE = "ScrollViewTest/ScrollViewTest-Info.plist";
				PRODUCT_NAME = "$(TARGET_NAME)";
				WRAPPER_EXTENSION = app;
			};
			name = Release;
		};
		512D35D11824F62C009D67BA /* Debug */ = {
			isa = XCBuildConfiguration;
			buildSettings = {
				ARCHS = "$(ARCHS_STANDARD_INCLUDING_64_BIT)";
				BUNDLE_LOADER = "$(BUILT_PRODUCTS_DIR)/ScrollViewTest.app/ScrollViewTest";
				FRAMEWORK_SEARCH_PATHS = (
					"$(SDKROOT)/Developer/Library/Frameworks",
					"$(inherited)",
					"$(DEVELOPER_FRAMEWORKS_DIR)",
				);
				GCC_PRECOMPILE_PREFIX_HEADER = YES;
				GCC_PREFIX_HEADER = "ScrollViewTest/ScrollViewTest-Prefix.pch";
				GCC_PREPROCESSOR_DEFINITIONS = (
					"DEBUG=1",
					"$(inherited)",
				);
				INFOPLIST_FILE = "ScrollViewTestTests/ScrollViewTestTests-Info.plist";
				PRODUCT_NAME = "$(TARGET_NAME)";
				TEST_HOST = "$(BUNDLE_LOADER)";
				WRAPPER_EXTENSION = xctest;
			};
			name = Debug;
		};
		512D35D21824F62C009D67BA /* Release */ = {
			isa = XCBuildConfiguration;
			buildSettings = {
				ARCHS = "$(ARCHS_STANDARD_INCLUDING_64_BIT)";
				BUNDLE_LOADER = "$(BUILT_PRODUCTS_DIR)/ScrollViewTest.app/ScrollViewTest";
				FRAMEWORK_SEARCH_PATHS = (
					"$(SDKROOT)/Developer/Library/Frameworks",
					"$(inherited)",
					"$(DEVELOPER_FRAMEWORKS_DIR)",
				);
				GCC_PRECOMPILE_PREFIX_HEADER = YES;
				GCC_PREFIX_HEADER = "ScrollViewTest/ScrollViewTest-Prefix.pch";
				INFOPLIST_FILE = "ScrollViewTestTests/ScrollViewTestTests-Info.plist";
				PRODUCT_NAME = "$(TARGET_NAME)";
				TEST_HOST = "$(BUNDLE_LOADER)";
				WRAPPER_EXTENSION = xctest;
			};
			name = Release;
		};
/* End XCBuildConfiguration section */

/* Begin XCConfigurationList section */
		512D359C1824F62C009D67BA /* Build configuration list for PBXProject "ScrollViewTest" */ = {
			isa = XCConfigurationList;
			buildConfigurations = (
				512D35CB1824F62C009D67BA /* Debug */,
				512D35CC1824F62C009D67BA /* Release */,
			);
			defaultConfigurationIsVisible = 0;
			defaultConfigurationName = Release;
		};
		512D35CD1824F62C009D67BA /* Build configuration list for PBXNativeTarget "ScrollViewTest" */ = {
			isa = XCConfigurationList;
			buildConfigurations = (
				512D35CE1824F62C009D67BA /* Debug */,
				512D35CF1824F62C009D67BA /* Release */,
			);
			defaultConfigurationIsVisible = 0;
		};
		512D35D01824F62C009D67BA /* Build configuration list for PBXNativeTarget "ScrollViewTestTests" */ = {
			isa = XCConfigurationList;
			buildConfigurations = (
				512D35D11824F62C009D67BA /* Debug */,
				512D35D21824F62C009D67BA /* Release */,
			);
			defaultConfigurationIsVisible = 0;
		};
/* End XCConfigurationList section */
	};
	rootObject = 512D35991824F62C009D67BA /* Project object */;
}
